
Microsoft Visual Studio Solution File, Format Version 12.00
# Visual Studio Version 16
VisualStudioVersion = 16.0.30717.126
MinimumVisualStudioVersion = 10.0.40219.1
Project("{8BC9CEB8-8B4A-11D0-8D11-00A0C91BC942}") = "Word_Count_three", "Word_Count_three.vcxproj", "{7AED0EFD-E77D-4B1E-8DBC-8F2DA3FB5045}"
EndProject
Global
	GlobalSection(SolutionConfigurationPlatforms) = preSolution
		Debug|x64 = Debug|x64
		Debug|x86 = Debug|x86
		Release|x64 = Release|x64
		Release|x86 = Release|x86
	EndGlobalSection
	GlobalSection(ProjectConfigurationPlatforms) = postSolution
		{7AED0EFD-E77D-4B1E-8DBC-8F2DA3FB5045}.Debug|x64.ActiveCfg = Debug|x64
		{7AED0EFD-E77D-4B1E-8DBC-8F2DA3FB5045}.Debug|x64.Build.0 = Debug|x64
		{7AED0EFD-E77D-4B1E-8DBC-8F2DA3FB5045}.Debug|x86.ActiveCfg = Debug|Win32
		{7AED0EFD-E77D-4B1E-8DBC-8F2DA3FB5045}.Debug|x86.Build.0 = Debug|Win32
		{7AED0EFD-E77D-4B1E-8DBC-8F2DA3FB5045}.Release|x64.ActiveCfg = Release|x64
		{7AED0EFD-E77D-4B1E-8DBC-8F2DA3FB5045}.Release|x64.Build.0 = Release|x64
		{7AED0EFD-E77D-4B1E-8DBC-8F2DA3FB5045}.Release|x86.ActiveCfg = Release|Win32
		{7AED0EFD-E77D-4B1E-8DBC-8F2DA3FB5045}.Release|x86.Build.0 = Release|Win32
	EndGlobalSection
	GlobalSection(SolutionProperties) = preSolution
		HideSolutionNode = FALSE
	EndGlobalSection
	GlobalSection(ExtensibilityGlobals) = postSolution
		SolutionGuid = {C4683AD5-CD8F-4E05-9B3B-B4D0EFC2BD2E}
	EndGlobalSection
EndGlobal
